// !$*UTF8*$!
{
	archiveVersion = 1;
	classes = {
	};
	objectVersion = 56;
	objects = {

/* Begin PBXBuildFile section */
		4330F1022BFD677200CE329F /* ExampleApp.swift in Sources */ = {isa = PBXBuildFile; fileRef = 4330F1012BFD677200CE329F /* ExampleApp.swift */; };
		4330F1042BFD677200CE329F /* ContentView.swift in Sources */ = {isa = PBXBuildFile; fileRef = 4330F1032BFD677200CE329F /* ContentView.swift */; };
		4330F1062BFD677300CE329F /* Assets.xcassets in Resources */ = {isa = PBXBuildFile; fileRef = 4330F1052BFD677300CE329F /* Assets.xcassets */; };
		4330F1092BFD677300CE329F /* Preview Assets.xcassets in Resources */ = {isa = PBXBuildFile; fileRef = 4330F1082BFD677300CE329F /* Preview Assets.xcassets */; };
		4330F1132BFD677300CE329F /* ExampleTests.swift in Sources */ = {isa = PBXBuildFile; fileRef = 4330F1122BFD677300CE329F /* ExampleTests.swift */; };
		4330F11D2BFD677300CE329F /* ExampleUITests.swift in Sources */ = {isa = PBXBuildFile; fileRef = 4330F11C2BFD677300CE329F /* ExampleUITests.swift */; };
		4330F11F2BFD677300CE329F /* ExampleUITestsLaunchTests.swift in Sources */ = {isa = PBXBuildFile; fileRef = 4330F11E2BFD677300CE329F /* ExampleUITestsLaunchTests.swift */; };
		4330F1302BFD67E800CE329F /* Network in Frameworks */ = {isa = PBXBuildFile; productRef = 4330F12F2BFD67E800CE329F /* Network */; };
		4344A82A2BFDAAD50081D204 /* NetworkTestSupporting in Frameworks */ = {isa = PBXBuildFile; productRef = 4344A8292BFDAAD50081D204 /* NetworkTestSupporting */; };
/* End PBXBuildFile section */

/* Begin PBXContainerItemProxy section */
		4330F10F2BFD677300CE329F /* PBXContainerItemProxy */ = {
			isa = PBXContainerItemProxy;
			containerPortal = 4330F0F62BFD677200CE329F /* Project object */;
			proxyType = 1;
			remoteGlobalIDString = 4330F0FD2BFD677200CE329F;
			remoteInfo = Example;
		};
		4330F1192BFD677300CE329F /* PBXContainerItemProxy */ = {
			isa = PBXContainerItemProxy;
			containerPortal = 4330F0F62BFD677200CE329F /* Project object */;
			proxyType = 1;
			remoteGlobalIDString = 4330F0FD2BFD677200CE329F;
			remoteInfo = Example;
		};
/* End PBXContainerItemProxy section */

/* Begin PBXFileReference section */
		4330F0FE2BFD677200CE329F /* Example.app */ = {isa = PBXFileReference; explicitFileType = wrapper.application; includeInIndex = 0; path = Example.app; sourceTree = BUILT_PRODUCTS_DIR; };
		4330F1012BFD677200CE329F /* ExampleApp.swift */ = {isa = PBXFileReference; lastKnownFileType = sourcecode.swift; path = ExampleApp.swift; sourceTree = "<group>"; };
		4330F1032BFD677200CE329F /* ContentView.swift */ = {isa = PBXFileReference; lastKnownFileType = sourcecode.swift; path = ContentView.swift; sourceTree = "<group>"; };
		4330F1052BFD677300CE329F /* Assets.xcassets */ = {isa = PBXFileReference; lastKnownFileType = folder.assetcatalog; path = Assets.xcassets; sourceTree = "<group>"; };
		4330F1082BFD677300CE329F /* Preview Assets.xcassets */ = {isa = PBXFileReference; lastKnownFileType = folder.assetcatalog; path = "Preview Assets.xcassets"; sourceTree = "<group>"; };
		4330F10E2BFD677300CE329F /* ExampleTests.xctest */ = {isa = PBXFileReference; explicitFileType = wrapper.cfbundle; includeInIndex = 0; path = ExampleTests.xctest; sourceTree = BUILT_PRODUCTS_DIR; };
		4330F1122BFD677300CE329F /* ExampleTests.swift */ = {isa = PBXFileReference; lastKnownFileType = sourcecode.swift; path = ExampleTests.swift; sourceTree = "<group>"; };
		4330F1182BFD677300CE329F /* ExampleUITests.xctest */ = {isa = PBXFileReference; explicitFileType = wrapper.cfbundle; includeInIndex = 0; path = ExampleUITests.xctest; sourceTree = BUILT_PRODUCTS_DIR; };
		4330F11C2BFD677300CE329F /* ExampleUITests.swift */ = {isa = PBXFileReference; lastKnownFileType = sourcecode.swift; path = ExampleUITests.swift; sourceTree = "<group>"; };
		4330F11E2BFD677300CE329F /* ExampleUITestsLaunchTests.swift */ = {isa = PBXFileReference; lastKnownFileType = sourcecode.swift; path = ExampleUITestsLaunchTests.swift; sourceTree = "<group>"; };
		4330F12D2BFD67DF00CE329F /* Network */ = {isa = PBXFileReference; lastKnownFileType = wrapper; path = Network; sourceTree = SOURCE_ROOT; };
		4330F1312BFD6DF800CE329F /* Macros */ = {isa = PBXFileReference; lastKnownFileType = wrapper; path = Macros; sourceTree = SOURCE_ROOT; };
/* End PBXFileReference section */

/* Begin PBXFrameworksBuildPhase section */
		4330F0FB2BFD677200CE329F /* Frameworks */ = {
			isa = PBXFrameworksBuildPhase;
			buildActionMask = 2147483647;
			files = (
				4330F1302BFD67E800CE329F /* Network in Frameworks */,
			);
			runOnlyForDeploymentPostprocessing = 0;
		};
		4330F10B2BFD677300CE329F /* Frameworks */ = {
			isa = PBXFrameworksBuildPhase;
			buildActionMask = 2147483647;
			files = (
				4344A82A2BFDAAD50081D204 /* NetworkTestSupporting in Frameworks */,
			);
			runOnlyForDeploymentPostprocessing = 0;
		};
		4330F1152BFD677300CE329F /* Frameworks */ = {
			isa = PBXFrameworksBuildPhase;
			buildActionMask = 2147483647;
			files = (
			);
			runOnlyForDeploymentPostprocessing = 0;
		};
/* End PBXFrameworksBuildPhase section */

/* Begin PBXGroup section */
		4330F0F52BFD677200CE329F = {
			isa = PBXGroup;
			children = (
				4330F1002BFD677200CE329F /* Example */,
				4330F1112BFD677300CE329F /* ExampleTests */,
				4330F11B2BFD677300CE329F /* ExampleUITests */,
				4330F12C2BFD677F00CE329F /* Package */,
				4330F0FF2BFD677200CE329F /* Products */,
				4330F12E2BFD67E800CE329F /* Frameworks */,
			);
			sourceTree = "<group>";
		};
		4330F0FF2BFD677200CE329F /* Products */ = {
			isa = PBXGroup;
			children = (
				4330F0FE2BFD677200CE329F /* Example.app */,
				4330F10E2BFD677300CE329F /* ExampleTests.xctest */,
				4330F1182BFD677300CE329F /* ExampleUITests.xctest */,
			);
			name = Products;
			sourceTree = "<group>";
		};
		4330F1002BFD677200CE329F /* Example */ = {
			isa = PBXGroup;
			children = (
				4330F1012BFD677200CE329F /* ExampleApp.swift */,
				4330F1032BFD677200CE329F /* ContentView.swift */,
				4330F1052BFD677300CE329F /* Assets.xcassets */,
				4330F1072BFD677300CE329F /* Preview Content */,
			);
			path = Example;
			sourceTree = "<group>";
		};
		4330F1072BFD677300CE329F /* Preview Content */ = {
			isa = PBXGroup;
			children = (
				4330F1082BFD677300CE329F /* Preview Assets.xcassets */,
			);
			path = "Preview Content";
			sourceTree = "<group>";
		};
		4330F1112BFD677300CE329F /* ExampleTests */ = {
			isa = PBXGroup;
			children = (
				4330F1122BFD677300CE329F /* ExampleTests.swift */,
			);
			path = ExampleTests;
			sourceTree = "<group>";
		};
		4330F11B2BFD677300CE329F /* ExampleUITests */ = {
			isa = PBXGroup;
			children = (
				4330F11C2BFD677300CE329F /* ExampleUITests.swift */,
				4330F11E2BFD677300CE329F /* ExampleUITestsLaunchTests.swift */,
			);
			path = ExampleUITests;
			sourceTree = "<group>";
		};
		4330F12C2BFD677F00CE329F /* Package */ = {
			isa = PBXGroup;
			children = (
				4330F1312BFD6DF800CE329F /* Macros */,
				4330F12D2BFD67DF00CE329F /* Network */,
			);
			path = Package;
			sourceTree = "<group>";
		};
		4330F12E2BFD67E800CE329F /* Frameworks */ = {
			isa = PBXGroup;
			children = (
			);
			name = Frameworks;
			sourceTree = "<group>";
		};
/* End PBXGroup section */

/* Begin PBXNativeTarget section */
		4330F0FD2BFD677200CE329F /* Example */ = {
			isa = PBXNativeTarget;
			buildConfigurationList = 4330F1222BFD677300CE329F /* Build configuration list for PBXNativeTarget "Example" */;
			buildPhases = (
				4330F0FA2BFD677200CE329F /* Sources */,
				4330F0FB2BFD677200CE329F /* Frameworks */,
				4330F0FC2BFD677200CE329F /* Resources */,
			);
			buildRules = (
			);
			dependencies = (
			);
			name = Example;
			packageProductDependencies = (
				4330F12F2BFD67E800CE329F /* Network */,
			);
			productName = Example;
			productReference = 4330F0FE2BFD677200CE329F /* Example.app */;
			productType = "com.apple.product-type.application";
		};
		4330F10D2BFD677300CE329F /* ExampleTests */ = {
			isa = PBXNativeTarget;
			buildConfigurationList = 4330F1252BFD677300CE329F /* Build configuration list for PBXNativeTarget "ExampleTests" */;
			buildPhases = (
				4330F10A2BFD677300CE329F /* Sources */,
				4330F10B2BFD677300CE329F /* Frameworks */,
				4330F10C2BFD677300CE329F /* Resources */,
			);
			buildRules = (
			);
			dependencies = (
				4330F1102BFD677300CE329F /* PBXTargetDependency */,
			);
			name = ExampleTests;
			packageProductDependencies = (
				4344A8292BFDAAD50081D204 /* NetworkTestSupporting */,
			);
			productName = ExampleTests;
			productReference = 4330F10E2BFD677300CE329F /* ExampleTests.xctest */;
			productType = "com.apple.product-type.bundle.unit-test";
		};
		4330F1172BFD677300CE329F /* ExampleUITests */ = {
			isa = PBXNativeTarget;
			buildConfigurationList = 4330F1282BFD677300CE329F /* Build configuration list for PBXNativeTarget "ExampleUITests" */;
			buildPhases = (
				4330F1142BFD677300CE329F /* Sources */,
				4330F1152BFD677300CE329F /* Frameworks */,
				4330F1162BFD677300CE329F /* Resources */,
			);
			buildRules = (
			);
			dependencies = (
				4330F11A2BFD677300CE329F /* PBXTargetDependency */,
			);
			name = ExampleUITests;
			productName = ExampleUITests;
			productReference = 4330F1182BFD677300CE329F /* ExampleUITests.xctest */;
			productType = "com.apple.product-type.bundle.ui-testing";
		};
/* End PBXNativeTarget section */

/* Begin PBXProject section */
		4330F0F62BFD677200CE329F /* Project object */ = {
			isa = PBXProject;
			attributes = {
				BuildIndependentTargetsInParallel = 1;
				LastSwiftUpdateCheck = 1540;
				LastUpgradeCheck = 1540;
				TargetAttributes = {
					4330F0FD2BFD677200CE329F = {
						CreatedOnToolsVersion = 15.4;
					};
					4330F10D2BFD677300CE329F = {
						CreatedOnToolsVersion = 15.4;
						TestTargetID = 4330F0FD2BFD677200CE329F;
					};
					4330F1172BFD677300CE329F = {
						CreatedOnToolsVersion = 15.4;
						TestTargetID = 4330F0FD2BFD677200CE329F;
					};
				};
			};
			buildConfigurationList = 4330F0F92BFD677200CE329F /* Build configuration list for PBXProject "Example" */;
			compatibilityVersion = "Xcode 14.0";
			developmentRegion = en;
			hasScannedForEncodings = 0;
			knownRegions = (
				en,
				Base,
			);
			mainGroup = 4330F0F52BFD677200CE329F;
			productRefGroup = 4330F0FF2BFD677200CE329F /* Products */;
			projectDirPath = "";
			projectRoot = "";
			targets = (
				4330F0FD2BFD677200CE329F /* Example */,
				4330F10D2BFD677300CE329F /* ExampleTests */,
				4330F1172BFD677300CE329F /* ExampleUITests */,
			);
		};
/* End PBXProject section */

/* Begin PBXResourcesBuildPhase section */
		4330F0FC2BFD677200CE329F /* Resources */ = {
			isa = PBXResourcesBuildPhase;
			buildActionMask = 2147483647;
			files = (
				4330F1092BFD677300CE329F /* Preview Assets.xcassets in Resources */,
				4330F1062BFD677300CE329F /* Assets.xcassets in Resources */,
			);
			runOnlyForDeploymentPostprocessing = 0;
		};
		4330F10C2BFD677300CE329F /* Resources */ = {
			isa = PBXResourcesBuildPhase;
			buildActionMask = 2147483647;
			files = (
			);
			runOnlyForDeploymentPostprocessing = 0;
		};
		4330F1162BFD677300CE329F /* Resources */ = {
			isa = PBXResourcesBuildPhase;
			buildActionMask = 2147483647;
			files = (
			);
			runOnlyForDeploymentPostprocessing = 0;
		};
/* End PBXResourcesBuildPhase section */

/* Begin PBXSourcesBuildPhase section */
		4330F0FA2BFD677200CE329F /* Sources */ = {
			isa = PBXSourcesBuildPhase;
			buildActionMask = 2147483647;
			files = (
				4330F1042BFD677200CE329F /* ContentView.swift in Sources */,
				4330F1022BFD677200CE329F /* ExampleApp.swift in Sources */,
			);
			runOnlyForDeploymentPostprocessing = 0;
		};
		4330F10A2BFD677300CE329F /* Sources */ = {
			isa = PBXSourcesBuildPhase;
			buildActionMask = 2147483647;
			files = (
				4330F1132BFD677300CE329F /* ExampleTests.swift in Sources */,
			);
			runOnlyForDeploymentPostprocessing = 0;
		};
		4330F1142BFD677300CE329F /* Sources */ = {
			isa = PBXSourcesBuildPhase;
			buildActionMask = 2147483647;
			files = (
				4330F11D2BFD677300CE329F /* ExampleUITests.swift in Sources */,
				4330F11F2BFD677300CE329F /* ExampleUITestsLaunchTests.swift in Sources */,
			);
			runOnlyForDeploymentPostprocessing = 0;
		};
/* End PBXSourcesBuildPhase section */

/* Begin PBXTargetDependency section */
		4330F1102BFD677300CE329F /* PBXTargetDependency */ = {
			isa = PBXTargetDependency;
			target = 4330F0FD2BFD677200CE329F /* Example */;
			targetProxy = 4330F10F2BFD677300CE329F /* PBXContainerItemProxy */;
		};
		4330F11A2BFD677300CE329F /* PBXTargetDependency */ = {
			isa = PBXTargetDependency;
			target = 4330F0FD2BFD677200CE329F /* Example */;
			targetProxy = 4330F1192BFD677300CE329F /* PBXContainerItemProxy */;
		};
/* End PBXTargetDependency section */

/* Begin XCBuildConfiguration section */
		4330F1202BFD677300CE329F /* Debug */ = {
			isa = XCBuildConfiguration;
			buildSettings = {
				ALWAYS_SEARCH_USER_PATHS = NO;
				ASSETCATALOG_COMPILER_GENERATE_SWIFT_ASSET_SYMBOL_EXTENSIONS = YES;
				CLANG_ANALYZER_NONNULL = YES;
				CLANG_ANALYZER_NUMBER_OBJECT_CONVERSION = YES_AGGRESSIVE;
				CLANG_CXX_LANGUAGE_STANDARD = "gnu++20";
				CLANG_ENABLE_MODULES = YES;
				CLANG_ENABLE_OBJC_ARC = YES;
				CLANG_ENABLE_OBJC_WEAK = YES;
				CLANG_WARN_BLOCK_CAPTURE_AUTORELEASING = YES;
				CLANG_WARN_BOOL_CONVERSION = YES;
				CLANG_WARN_COMMA = YES;
				CLANG_WARN_CONSTANT_CONVERSION = YES;
				CLANG_WARN_DEPRECATED_OBJC_IMPLEMENTATIONS = YES;
				CLANG_WARN_DIRECT_OBJC_ISA_USAGE = YES_ERROR;
				CLANG_WARN_DOCUMENTATION_COMMENTS = YES;
				CLANG_WARN_EMPTY_BODY = YES;
				CLANG_WARN_ENUM_CONVERSION = YES;
				CLANG_WARN_INFINITE_RECURSION = YES;
				CLANG_WARN_INT_CONVERSION = YES;
				CLANG_WARN_NON_LITERAL_NULL_CONVERSION = YES;
				CLANG_WARN_OBJC_IMPLICIT_RETAIN_SELF = YES;
				CLANG_WARN_OBJC_LITERAL_CONVERSION = YES;
				CLANG_WARN_OBJC_ROOT_CLASS = YES_ERROR;
				CLANG_WARN_QUOTED_INCLUDE_IN_FRAMEWORK_HEADER = YES;
				CLANG_WARN_RANGE_LOOP_ANALYSIS = YES;
				CLANG_WARN_STRICT_PROTOTYPES = YES;
				CLANG_WARN_SUSPICIOUS_MOVE = YES;
				CLANG_WARN_UNGUARDED_AVAILABILITY = YES_AGGRESSIVE;
				CLANG_WARN_UNREACHABLE_CODE = YES;
				CLANG_WARN__DUPLICATE_METHOD_MATCH = YES;
				COPY_PHASE_STRIP = NO;
				DEBUG_INFORMATION_FORMAT = dwarf;
				ENABLE_STRICT_OBJC_MSGSEND = YES;
				ENABLE_TESTABILITY = YES;
				ENABLE_USER_SCRIPT_SANDBOXING = YES;
				GCC_C_LANGUAGE_STANDARD = gnu17;
				GCC_DYNAMIC_NO_PIC = NO;
				GCC_NO_COMMON_BLOCKS = YES;
				GCC_OPTIMIZATION_LEVEL = 0;
				GCC_PREPROCESSOR_DEFINITIONS = (
					"DEBUG=1",
					"$(inherited)",
				);
				GCC_WARN_64_TO_32_BIT_CONVERSION = YES;
				GCC_WARN_ABOUT_RETURN_TYPE = YES_ERROR;
				GCC_WARN_UNDECLARED_SELECTOR = YES;
				GCC_WARN_UNINITIALIZED_AUTOS = YES_AGGRESSIVE;
				GCC_WARN_UNUSED_FUNCTION = YES;
				GCC_WARN_UNUSED_VARIABLE = YES;
				IPHONEOS_DEPLOYMENT_TARGET = 17.5;
				LOCALIZATION_PREFERS_STRING_CATALOGS = YES;
				MTL_ENABLE_DEBUG_INFO = INCLUDE_SOURCE;
				MTL_FAST_MATH = YES;
				ONLY_ACTIVE_ARCH = YES;
				SDKROOT = iphoneos;
				SWIFT_ACTIVE_COMPILATION_CONDITIONS = "DEBUG $(inherited)";
				SWIFT_OPTIMIZATION_LEVEL = "-Onone";
			};
			name = Debug;
		};
		4330F1212BFD677300CE329F /* Release */ = {
			isa = XCBuildConfiguration;
			buildSettings = {
				ALWAYS_SEARCH_USER_PATHS = NO;
				ASSETCATALOG_COMPILER_GENERATE_SWIFT_ASSET_SYMBOL_EXTENSIONS = YES;
				CLANG_ANALYZER_NONNULL = YES;
				CLANG_ANALYZER_NUMBER_OBJECT_CONVERSION = YES_AGGRESSIVE;
				CLANG_CXX_LANGUAGE_STANDARD = "gnu++20";
				CLANG_ENABLE_MODULES = YES;
				CLANG_ENABLE_OBJC_ARC = YES;
				CLANG_ENABLE_OBJC_WEAK = YES;
				CLANG_WARN_BLOCK_CAPTURE_AUTORELEASING = YES;
				CLANG_WARN_BOOL_CONVERSION = YES;
				CLANG_WARN_COMMA = YES;
				CLANG_WARN_CONSTANT_CONVERSION = YES;
				CLANG_WARN_DEPRECATED_OBJC_IMPLEMENTATIONS = YES;
				CLANG_WARN_DIRECT_OBJC_ISA_USAGE = YES_ERROR;
				CLANG_WARN_DOCUMENTATION_COMMENTS = YES;
				CLANG_WARN_EMPTY_BODY = YES;
				CLANG_WARN_ENUM_CONVERSION = YES;
				CLANG_WARN_INFINITE_RECURSION = YES;
				CLANG_WARN_INT_CONVERSION = YES;
				CLANG_WARN_NON_LITERAL_NULL_CONVERSION = YES;
				CLANG_WARN_OBJC_IMPLICIT_RETAIN_SELF = YES;
				CLANG_WARN_OBJC_LITERAL_CONVERSION = YES;
				CLANG_WARN_OBJC_ROOT_CLASS = YES_ERROR;
				CLANG_WARN_QUOTED_INCLUDE_IN_FRAMEWORK_HEADER = YES;
				CLANG_WARN_RANGE_LOOP_ANALYSIS = YES;
				CLANG_WARN_STRICT_PROTOTYPES = YES;
				CLANG_WARN_SUSPICIOUS_MOVE = YES;
				CLANG_WARN_UNGUARDED_AVAILABILITY = YES_AGGRESSIVE;
				CLANG_WARN_UNREACHABLE_CODE = YES;
				CLANG_WARN__DUPLICATE_METHOD_MATCH = YES;
				COPY_PHASE_STRIP = NO;
				DEBUG_INFORMATION_FORMAT = "dwarf-with-dsym";
				ENABLE_NS_ASSERTIONS = NO;
				ENABLE_STRICT_OBJC_MSGSEND = YES;
				ENABLE_USER_SCRIPT_SANDBOXING = YES;
				GCC_C_LANGUAGE_STANDARD = gnu17;
				GCC_NO_COMMON_BLOCKS = YES;
				GCC_WARN_64_TO_32_BIT_CONVERSION = YES;
				GCC_WARN_ABOUT_RETURN_TYPE = YES_ERROR;
				GCC_WARN_UNDECLARED_SELECTOR = YES;
				GCC_WARN_UNINITIALIZED_AUTOS = YES_AGGRESSIVE;
				GCC_WARN_UNUSED_FUNCTION = YES;
				GCC_WARN_UNUSED_VARIABLE = YES;
				IPHONEOS_DEPLOYMENT_TARGET = 17.5;
				LOCALIZATION_PREFERS_STRING_CATALOGS = YES;
				MTL_ENABLE_DEBUG_INFO = NO;
				MTL_FAST_MATH = YES;
				SDKROOT = iphoneos;
				SWIFT_COMPILATION_MODE = wholemodule;
				VALIDATE_PRODUCT = YES;
			};
			name = Release;
		};
		4330F1232BFD677300CE329F /* Debug */ = {
			isa = XCBuildConfiguration;
			buildSettings = {
				ASSETCATALOG_COMPILER_APPICON_NAME = AppIcon;
				ASSETCATALOG_COMPILER_GLOBAL_ACCENT_COLOR_NAME = AccentColor;
				CODE_SIGN_STYLE = Automatic;
				CURRENT_PROJECT_VERSION = 1;
				DEVELOPMENT_ASSET_PATHS = "\"Example/Preview Content\"";
				ENABLE_PREVIEWS = YES;
				GENERATE_INFOPLIST_FILE = YES;
				INFOPLIST_KEY_UIApplicationSceneManifest_Generation = YES;
				INFOPLIST_KEY_UIApplicationSupportsIndirectInputEvents = YES;
				INFOPLIST_KEY_UILaunchScreen_Generation = YES;
				INFOPLIST_KEY_UISupportedInterfaceOrientations_iPad = "UIInterfaceOrientationPortrait UIInterfaceOrientationPortraitUpsideDown UIInterfaceOrientationLandscapeLeft UIInterfaceOrientationLandscapeRight";
				INFOPLIST_KEY_UISupportedInterfaceOrientations_iPhone = "UIInterfaceOrientationPortrait UIInterfaceOrientationLandscapeLeft UIInterfaceOrientationLandscapeRight";
				IPHONEOS_DEPLOYMENT_TARGET = 17.2;
				LD_RUNPATH_SEARCH_PATHS = (
					"$(inherited)",
					"@executable_path/Frameworks",
				);
				MARKETING_VERSION = 1.0;
				PRODUCT_BUNDLE_IDENTIFIER = test.Example;
				PRODUCT_NAME = "$(TARGET_NAME)";
				SWIFT_EMIT_LOC_STRINGS = YES;
				SWIFT_VERSION = 5.0;
				TARGETED_DEVICE_FAMILY = "1,2";
			};
			name = Debug;
		};
		4330F1242BFD677300CE329F /* Release */ = {
			isa = XCBuildConfiguration;
			buildSettings = {
				ASSETCATALOG_COMPILER_APPICON_NAME = AppIcon;
				ASSETCATALOG_COMPILER_GLOBAL_ACCENT_COLOR_NAME = AccentColor;
				CODE_SIGN_STYLE = Automatic;
				CURRENT_PROJECT_VERSION = 1;
				DEVELOPMENT_ASSET_PATHS = "\"Example/Preview Content\"";
				ENABLE_PREVIEWS = YES;
				GENERATE_INFOPLIST_FILE = YES;
				INFOPLIST_KEY_UIApplicationSceneManifest_Generation = YES;
				INFOPLIST_KEY_UIApplicationSupportsIndirectInputEvents = YES;
				INFOPLIST_KEY_UILaunchScreen_Generation = YES;
				INFOPLIST_KEY_UISupportedInterfaceOrientations_iPad = "UIInterfaceOrientationPortrait UIInterfaceOrientationPortraitUpsideDown UIInterfaceOrientationLandscapeLeft UIInterfaceOrientationLandscapeRight";
				INFOPLIST_KEY_UISupportedInterfaceOrientations_iPhone = "UIInterfaceOrientationPortrait UIInterfaceOrientationLandscapeLeft UIInterfaceOrientationLandscapeRight";
				IPHONEOS_DEPLOYMENT_TARGET = 17.2;
				LD_RUNPATH_SEARCH_PATHS = (
					"$(inherited)",
					"@executable_path/Frameworks",
				);
				MARKETING_VERSION = 1.0;
				PRODUCT_BUNDLE_IDENTIFIER = test.Example;
				PRODUCT_NAME = "$(TARGET_NAME)";
				SWIFT_EMIT_LOC_STRINGS = YES;
				SWIFT_VERSION = 5.0;
				TARGETED_DEVICE_FAMILY = "1,2";
			};
			name = Release;
		};
		4330F1262BFD677300CE329F /* Debug */ = {
			isa = XCBuildConfiguration;
			buildSettings = {
				ALWAYS_EMBED_SWIFT_STANDARD_LIBRARIES = YES;
				BUNDLE_LOADER = "$(TEST_HOST)";
				CODE_SIGN_STYLE = Automatic;
				CURRENT_PROJECT_VERSION = 1;
				GENERATE_INFOPLIST_FILE = YES;
				IPHONEOS_DEPLOYMENT_TARGET = 17.2;
				MARKETING_VERSION = 1.0;
				PRODUCT_BUNDLE_IDENTIFIER = test.ExampleTests;
				PRODUCT_NAME = "$(TARGET_NAME)";
				SWIFT_EMIT_LOC_STRINGS = NO;
				SWIFT_VERSION = 5.0;
				TARGETED_DEVICE_FAMILY = "1,2";
				TEST_HOST = "$(BUILT_PRODUCTS_DIR)/Example.app/$(BUNDLE_EXECUTABLE_FOLDER_PATH)/Example";
			};
			name = Debug;
		};
		4330F1272BFD677300CE329F /* Release */ = {
			isa = XCBuildConfiguration;
			buildSettings = {
				ALWAYS_EMBED_SWIFT_STANDARD_LIBRARIES = YES;
				BUNDLE_LOADER = "$(TEST_HOST)";
				CODE_SIGN_STYLE = Automatic;
				CURRENT_PROJECT_VERSION = 1;
				GENERATE_INFOPLIST_FILE = YES;
				IPHONEOS_DEPLOYMENT_TARGET = 17.2;
				MARKETING_VERSION = 1.0;
				PRODUCT_BUNDLE_IDENTIFIER = test.ExampleTests;
				PRODUCT_NAME = "$(TARGET_NAME)";
				SWIFT_EMIT_LOC_STRINGS = NO;
				SWIFT_VERSION = 5.0;
				TARGETED_DEVICE_FAMILY = "1,2";
				TEST_HOST = "$(BUILT_PRODUCTS_DIR)/Example.app/$(BUNDLE_EXECUTABLE_FOLDER_PATH)/Example";
			};
			name = Release;
		};
		4330F1292BFD677300CE329F /* Debug */ = {
			isa = XCBuildConfiguration;
			buildSettings = {
				ALWAYS_EMBED_SWIFT_STANDARD_LIBRARIES = YES;
				CODE_SIGN_STYLE = Automatic;
				CURRENT_PROJECT_VERSION = 1;
				GENERATE_INFOPLIST_FILE = YES;
				IPHONEOS_DEPLOYMENT_TARGET = 17.2;
				MARKETING_VERSION = 1.0;
				PRODUCT_BUNDLE_IDENTIFIER = test.ExampleUITests;
				PRODUCT_NAME = "$(TARGET_NAME)";
				SWIFT_EMIT_LOC_STRINGS = NO;
				SWIFT_VERSION = 5.0;
				TARGETED_DEVICE_FAMILY = "1,2";
				TEST_TARGET_NAME = Example;
			};
			name = Debug;
		};
		4330F12A2BFD677300CE329F /* Release */ = {
			isa = XCBuildConfiguration;
			buildSettings = {
				ALWAYS_EMBED_SWIFT_STANDARD_LIBRARIES = YES;
				CODE_SIGN_STYLE = Automatic;
				CURRENT_PROJECT_VERSION = 1;
				GENERATE_INFOPLIST_FILE = YES;
				IPHONEOS_DEPLOYMENT_TARGET = 17.2;
				MARKETING_VERSION = 1.0;
				PRODUCT_BUNDLE_IDENTIFIER = test.ExampleUITests;
				PRODUCT_NAME = "$(TARGET_NAME)";
				SWIFT_EMIT_LOC_STRINGS = NO;
				SWIFT_VERSION = 5.0;
				TARGETED_DEVICE_FAMILY = "1,2";
				TEST_TARGET_NAME = Example;
			};
			name = Release;
		};
/* End XCBuildConfiguration section */

/* Begin XCConfigurationList section */
		4330F0F92BFD677200CE329F /* Build configuration list for PBXProject "Example" */ = {
			isa = XCConfigurationList;
			buildConfigurations = (
				4330F1202BFD677300CE329F /* Debug */,
				4330F1212BFD677300CE329F /* Release */,
			);
			defaultConfigurationIsVisible = 0;
			defaultConfigurationName = Release;
		};
		4330F1222BFD677300CE329F /* Build configuration list for PBXNativeTarget "Example" */ = {
			isa = XCConfigurationList;
			buildConfigurations = (
				4330F1232BFD677300CE329F /* Debug */,
				4330F1242BFD677300CE329F /* Release */,
			);
			defaultConfigurationIsVisible = 0;
			defaultConfigurationName = Release;
		};
		4330F1252BFD677300CE329F /* Build configuration list for PBXNativeTarget "ExampleTests" */ = {
			isa = XCConfigurationList;
			buildConfigurations = (
				4330F1262BFD677300CE329F /* Debug */,
				4330F1272BFD677300CE329F /* Release */,
			);
			defaultConfigurationIsVisible = 0;
			defaultConfigurationName = Release;
		};
		4330F1282BFD677300CE329F /* Build configuration list for PBXNativeTarget "ExampleUITests" */ = {
			isa = XCConfigurationList;
			buildConfigurations = (
				4330F1292BFD677300CE329F /* Debug */,
				4330F12A2BFD677300CE329F /* Release */,
			);
			defaultConfigurationIsVisible = 0;
			defaultConfigurationName = Release;
		};
/* End XCConfigurationList section */

/* Begin XCSwiftPackageProductDependency section */
		4330F12F2BFD67E800CE329F /* Network */ = {
			isa = XCSwiftPackageProductDependency;
			productName = Network;
		};
		4344A8292BFDAAD50081D204 /* NetworkTestSupporting */ = {
			isa = XCSwiftPackageProductDependency;
			productName = NetworkTestSupporting;
		};
/* End XCSwiftPackageProductDependency section */
	};
	rootObject = 4330F0F62BFD677200CE329F /* Project object */;
}
